{
  "name": "@hakohl/study-packages",
  "version": "1.0.0",
  "lockfileVersion": 3,
  "requires": true,
  "packages": {
    "": {
      "name": "@hakohl/study-packages",
      "version": "1.0.0",
      "license": "ISC",
      "dependencies": {
        "@hakohl/study-packages": "^1.0.0"
      }
    },
    "node_modules/@hakohl/study-packages": {
      "version": "1.0.0",
      "resolved": "https://npm.pkg.github.com/download/@hakohl/study-packages/1.0.0/cf2f519c9fe7040075fdd53fca3511bcbcfe9062",
      "integrity": "sha512-Ewhyio70JJM3dFW31aXOqxeSPZkVfLKy9YgT9LIaYCBi6kfyAuvoS5uWNh7DD8tHWGg50Tx4HKR9XoS7pBAQJg==",
      "license": "ISC"
    }
  }
}
